version: 1
aps_version: 0.1.10
entries:
  composite-agents-md:
    source:
      composite:
        - https://github.com/westonplatter/agentically.git:agents-md-partials/AGENTS.rust.md
        - https://github.com/westonplatter/agentically.git:agents-md-partials/AGENTS.pull-requests.md
    dest: ./AGENTS.md
    last_updated_at: 2026-02-16T02:08:08.571402Z
    checksum: sha256:c5660664b049dcac3ca397f61805edafca1ea782c66582744fe2d98a08b35396
  skill-creator:
    source: https://github.com/anthropics/skills.git
    dest: .claude/skills/skill-creator/
    resolved_ref: main
    commit: 1ed29a03dc852d30fa6ef2ca53a67dc2c2c2c563
    last_updated_at: 2026-02-16T02:08:19.436056Z
    checksum: sha256:bdd5389ea8390277b8310b83eaa561a703c2fa08bbcf770e6394d42571f7445f
  doc-coauthoring:
    source: https://github.com/anthropics/skills.git
    dest: .claude/skills/doc-coauthoring/
    resolved_ref: main
    commit: 1ed29a03dc852d30fa6ef2ca53a67dc2c2c2c563
    last_updated_at: 2026-02-16T02:08:16.544648Z
    checksum: sha256:bb40097e54fbb99b14b7fab0b9b3bae502cddfcb48ba530be2c339e2cabcbc4f
  anthropic-skills:
    source: https://github.com/anthropics/skills.git
    dest: ./.claude/skills/
    resolved_ref: main
    commit: 1ed29a03dc852d30fa6ef2ca53a67dc2c2c2c563
    last_updated_at: 2026-02-16T02:08:12.048767Z
    checksum: sha256:3bd37a1929706db495f2609910316bb1a385a057556deb151f968e877aef39e9
  frontend-design:
    source: https://github.com/anthropics/skills.git
    dest: .claude/skills/frontend-design/
    resolved_ref: main
    commit: 1ed29a03dc852d30fa6ef2ca53a67dc2c2c2c563
    last_updated_at: 2026-02-16T02:08:18.002561Z
    checksum: sha256:e70f6ce05826c48df38e09531f6adec38371f66bf6ac858faa82b2007521e7a9
